{
  "object": {
    "pins": [
      {
        "package": "Promises",
        "repositoryURL": "https://github.com/google/promises.git",
        "state": {
          "branch": null,
          "revision": "c5cdb6bdc2d3db8ef81e3bc71d55d31baf638837",
          "version": "1.2.10"
        }
      }
    ]
  },
  "version": 1
}
